
Microsoft Visual Studio Solution File, Format Version 12.00
# Visual Studio Version 17
VisualStudioVersion = 17.4.33205.214
MinimumVisualStudioVersion = 10.0.40219.1
Project("{9A19103F-16F7-4668-BE54-9A1E7A4F7556}") = "GymJournal.API", "GymJournal.API\GymJournal.API.csproj", "{F0E0B746-75E4-47D4-85D4-CFCA172ACBE9}"
EndProject
Project("{9A19103F-16F7-4668-BE54-9A1E7A4F7556}") = "GymJournal.Data", "GymJournal.Data\GymJournal.Data.csproj", "{0FD0E1A3-DB44-43FB-86E8-BE21740DC75C}"
EndProject
Project("{9A19103F-16F7-4668-BE54-9A1E7A4F7556}") = "GymJournal.Domain", "GymJournal.Domain\GymJournal.Domain.csproj", "{3033FAC1-94F9-4706-A071-37553926623B}"
EndProject
Project("{E53339B2-1760-4266-BCC7-CA923CBCF16C}") = "docker-compose", "docker-compose.dcproj", "{1C01129E-24E2-4A43-B4B4-F24EE8E74DCB}"
EndProject
Project("{2150E333-8FDC-42A3-9474-1A3956D46DE8}") = "GymJournal.Tests", "GymJournal.Tests", "{45D57041-1789-425C-8F15-AFD3E1F400B6}"
EndProject
Project("{9A19103F-16F7-4668-BE54-9A1E7A4F7556}") = "GymJournal.API.UnitTests", "GymJournal.Tests\GymJournal.API.UnitTests\GymJournal.API.UnitTests.csproj", "{ACE25E83-2F70-42EF-9787-199FE7A2FE94}"
EndProject
Project("{9A19103F-16F7-4668-BE54-9A1E7A4F7556}") = "GymJournal.Data.UnitTests", "GymJournal.Tests\GymJournal.Data.UnitTests\GymJournal.Data.UnitTests.csproj", "{02A61841-8CE2-49D1-BB4A-61737E73D290}"
EndProject
Project("{9A19103F-16F7-4668-BE54-9A1E7A4F7556}") = "GymJournal.Interface.UnitTests", "GymJournal.Tests\GymJournal.Interface.UnitTests\GymJournal.Interface.UnitTests.csproj", "{633B0954-AF73-453B-BCF0-FCBA4429635E}"
EndProject
Global
	GlobalSection(SolutionConfigurationPlatforms) = preSolution
		Debug|Any CPU = Debug|Any CPU
		Release|Any CPU = Release|Any CPU
	EndGlobalSection
	GlobalSection(ProjectConfigurationPlatforms) = postSolution
		{F0E0B746-75E4-47D4-85D4-CFCA172ACBE9}.Debug|Any CPU.ActiveCfg = Debug|Any CPU
		{F0E0B746-75E4-47D4-85D4-CFCA172ACBE9}.Debug|Any CPU.Build.0 = Debug|Any CPU
		{F0E0B746-75E4-47D4-85D4-CFCA172ACBE9}.Release|Any CPU.ActiveCfg = Release|Any CPU
		{F0E0B746-75E4-47D4-85D4-CFCA172ACBE9}.Release|Any CPU.Build.0 = Release|Any CPU
		{0FD0E1A3-DB44-43FB-86E8-BE21740DC75C}.Debug|Any CPU.ActiveCfg = Debug|Any CPU
		{0FD0E1A3-DB44-43FB-86E8-BE21740DC75C}.Debug|Any CPU.Build.0 = Debug|Any CPU
		{0FD0E1A3-DB44-43FB-86E8-BE21740DC75C}.Release|Any CPU.ActiveCfg = Release|Any CPU
		{0FD0E1A3-DB44-43FB-86E8-BE21740DC75C}.Release|Any CPU.Build.0 = Release|Any CPU
		{3033FAC1-94F9-4706-A071-37553926623B}.Debug|Any CPU.ActiveCfg = Debug|Any CPU
		{3033FAC1-94F9-4706-A071-37553926623B}.Debug|Any CPU.Build.0 = Debug|Any CPU
		{3033FAC1-94F9-4706-A071-37553926623B}.Release|Any CPU.ActiveCfg = Release|Any CPU
		{3033FAC1-94F9-4706-A071-37553926623B}.Release|Any CPU.Build.0 = Release|Any CPU
		{1C01129E-24E2-4A43-B4B4-F24EE8E74DCB}.Debug|Any CPU.ActiveCfg = Debug|Any CPU
		{1C01129E-24E2-4A43-B4B4-F24EE8E74DCB}.Debug|Any CPU.Build.0 = Debug|Any CPU
		{1C01129E-24E2-4A43-B4B4-F24EE8E74DCB}.Release|Any CPU.ActiveCfg = Release|Any CPU
		{1C01129E-24E2-4A43-B4B4-F24EE8E74DCB}.Release|Any CPU.Build.0 = Release|Any CPU
		{ACE25E83-2F70-42EF-9787-199FE7A2FE94}.Debug|Any CPU.ActiveCfg = Debug|Any CPU
		{ACE25E83-2F70-42EF-9787-199FE7A2FE94}.Debug|Any CPU.Build.0 = Debug|Any CPU
		{ACE25E83-2F70-42EF-9787-199FE7A2FE94}.Release|Any CPU.ActiveCfg = Release|Any CPU
		{ACE25E83-2F70-42EF-9787-199FE7A2FE94}.Release|Any CPU.Build.0 = Release|Any CPU
		{02A61841-8CE2-49D1-BB4A-61737E73D290}.Debug|Any CPU.ActiveCfg = Debug|Any CPU
		{02A61841-8CE2-49D1-BB4A-61737E73D290}.Debug|Any CPU.Build.0 = Debug|Any CPU
		{02A61841-8CE2-49D1-BB4A-61737E73D290}.Release|Any CPU.ActiveCfg = Release|Any CPU
		{02A61841-8CE2-49D1-BB4A-61737E73D290}.Release|Any CPU.Build.0 = Release|Any CPU
		{633B0954-AF73-453B-BCF0-FCBA4429635E}.Debug|Any CPU.ActiveCfg = Debug|Any CPU
		{633B0954-AF73-453B-BCF0-FCBA4429635E}.Debug|Any CPU.Build.0 = Debug|Any CPU
		{633B0954-AF73-453B-BCF0-FCBA4429635E}.Release|Any CPU.ActiveCfg = Release|Any CPU
		{633B0954-AF73-453B-BCF0-FCBA4429635E}.Release|Any CPU.Build.0 = Release|Any CPU
	EndGlobalSection
	GlobalSection(SolutionProperties) = preSolution
		HideSolutionNode = FALSE
	EndGlobalSection
	GlobalSection(NestedProjects) = preSolution
		{ACE25E83-2F70-42EF-9787-199FE7A2FE94} = {45D57041-1789-425C-8F15-AFD3E1F400B6}
		{02A61841-8CE2-49D1-BB4A-61737E73D290} = {45D57041-1789-425C-8F15-AFD3E1F400B6}
		{633B0954-AF73-453B-BCF0-FCBA4429635E} = {45D57041-1789-425C-8F15-AFD3E1F400B6}
	EndGlobalSection
	GlobalSection(ExtensibilityGlobals) = postSolution
		SolutionGuid = {551EE8B3-AF5C-4926-9E76-C5087050AA4A}
	EndGlobalSection
EndGlobal
